// !$*UTF8*$!
{
	archiveVersion = 1;
	classes = {
	};
	objectVersion = 50;
	objects = {

/* Begin PBXBuildFile section */
		0FD79C0A2557C67C00D51346 /* AppDelegate.swift in Sources */ = {isa = PBXBuildFile; fileRef = 0FD79C092557C67C00D51346 /* AppDelegate.swift */; };
		0FD79C0C2557C67C00D51346 /* SceneDelegate.swift in Sources */ = {isa = PBXBuildFile; fileRef = 0FD79C0B2557C67C00D51346 /* SceneDelegate.swift */; };
		0FD79C0E2557C67C00D51346 /* ViewController.swift in Sources */ = {isa = PBXBuildFile; fileRef = 0FD79C0D2557C67C00D51346 /* ViewController.swift */; };
		0FD79C112557C67C00D51346 /* Main.storyboard in Resources */ = {isa = PBXBuildFile; fileRef = 0FD79C0F2557C67C00D51346 /* Main.storyboard */; };
		0FD79C132557C67E00D51346 /* Assets.xcassets in Resources */ = {isa = PBXBuildFile; fileRef = 0FD79C122557C67E00D51346 /* Assets.xcassets */; };
		0FD79C162557C67E00D51346 /* LaunchScreen.storyboard in Resources */ = {isa = PBXBuildFile; fileRef = 0FD79C142557C67E00D51346 /* LaunchScreen.storyboard */; };
		0FD79C212557CCA300D51346 /* SearchSongTableViewController.swift in Sources */ = {isa = PBXBuildFile; fileRef = 0FD79C202557CCA300D51346 /* SearchSongTableViewController.swift */; };
/* End PBXBuildFile section */

/* Begin PBXFileReference section */
		0FD79C062557C67C00D51346 /* SkySonic.app */ = {isa = PBXFileReference; explicitFileType = wrapper.application; includeInIndex = 0; path = SkySonic.app; sourceTree = BUILT_PRODUCTS_DIR; };
		0FD79C092557C67C00D51346 /* AppDelegate.swift */ = {isa = PBXFileReference; lastKnownFileType = sourcecode.swift; path = AppDelegate.swift; sourceTree = "<group>"; };
		0FD79C0B2557C67C00D51346 /* SceneDelegate.swift */ = {isa = PBXFileReference; lastKnownFileType = sourcecode.swift; path = SceneDelegate.swift; sourceTree = "<group>"; };
		0FD79C0D2557C67C00D51346 /* ViewController.swift */ = {isa = PBXFileReference; lastKnownFileType = sourcecode.swift; path = ViewController.swift; sourceTree = "<group>"; };
		0FD79C102557C67C00D51346 /* Base */ = {isa = PBXFileReference; lastKnownFileType = file.storyboard; name = Base; path = Base.lproj/Main.storyboard; sourceTree = "<group>"; };
		0FD79C122557C67E00D51346 /* Assets.xcassets */ = {isa = PBXFileReference; lastKnownFileType = folder.assetcatalog; path = Assets.xcassets; sourceTree = "<group>"; };
		0FD79C152557C67E00D51346 /* Base */ = {isa = PBXFileReference; lastKnownFileType = file.storyboard; name = Base; path = Base.lproj/LaunchScreen.storyboard; sourceTree = "<group>"; };
		0FD79C172557C67E00D51346 /* Info.plist */ = {isa = PBXFileReference; lastKnownFileType = text.plist.xml; path = Info.plist; sourceTree = "<group>"; };
		0FD79C202557CCA300D51346 /* SearchSongTableViewController.swift */ = {isa = PBXFileReference; lastKnownFileType = sourcecode.swift; path = SearchSongTableViewController.swift; sourceTree = "<group>"; };
/* End PBXFileReference section */

/* Begin PBXFrameworksBuildPhase section */
		0FD79C032557C67C00D51346 /* Frameworks */ = {
			isa = PBXFrameworksBuildPhase;
			buildActionMask = 2147483647;
			files = (
			);
			runOnlyForDeploymentPostprocessing = 0;
		};
/* End PBXFrameworksBuildPhase section */

/* Begin PBXGroup section */
		0FD79BFD2557C67C00D51346 = {
			isa = PBXGroup;
			children = (
				0FD79C082557C67C00D51346 /* SkySonic */,
				0FD79C072557C67C00D51346 /* Products */,
			);
			sourceTree = "<group>";
		};
		0FD79C072557C67C00D51346 /* Products */ = {
			isa = PBXGroup;
			children = (
				0FD79C062557C67C00D51346 /* SkySonic.app */,
			);
			name = Products;
			sourceTree = "<group>";
		};
		0FD79C082557C67C00D51346 /* SkySonic */ = {
			isa = PBXGroup;
			children = (
				0FD79C1D2557CABF00D51346 /* Controller */,
				0FD79C1E2557CB0800D51346 /* View */,
				0FD79C1F2557CB1500D51346 /* Model */,
				0FD79C092557C67C00D51346 /* AppDelegate.swift */,
				0FD79C0B2557C67C00D51346 /* SceneDelegate.swift */,
				0FD79C122557C67E00D51346 /* Assets.xcassets */,
				0FD79C142557C67E00D51346 /* LaunchScreen.storyboard */,
				0FD79C172557C67E00D51346 /* Info.plist */,
			);
			path = SkySonic;
			sourceTree = "<group>";
		};
		0FD79C1D2557CABF00D51346 /* Controller */ = {
			isa = PBXGroup;
			children = (
				0FD79C0D2557C67C00D51346 /* ViewController.swift */,
				0FD79C202557CCA300D51346 /* SearchSongTableViewController.swift */,
			);
			path = Controller;
			sourceTree = "<group>";
		};
		0FD79C1E2557CB0800D51346 /* View */ = {
			isa = PBXGroup;
			children = (
				0FD79C0F2557C67C00D51346 /* Main.storyboard */,
			);
			path = View;
			sourceTree = "<group>";
		};
		0FD79C1F2557CB1500D51346 /* Model */ = {
			isa = PBXGroup;
			children = (
			);
			path = Model;
			sourceTree = "<group>";
		};
/* End PBXGroup section */

/* Begin PBXNativeTarget section */
		0FD79C052557C67C00D51346 /* SkySonic */ = {
			isa = PBXNativeTarget;
			buildConfigurationList = 0FD79C1A2557C67E00D51346 /* Build configuration list for PBXNativeTarget "SkySonic" */;
			buildPhases = (
				0FD79C022557C67C00D51346 /* Sources */,
				0FD79C032557C67C00D51346 /* Frameworks */,
				0FD79C042557C67C00D51346 /* Resources */,
			);
			buildRules = (
			);
			dependencies = (
			);
			name = SkySonic;
			productName = SkySonic;
			productReference = 0FD79C062557C67C00D51346 /* SkySonic.app */;
			productType = "com.apple.product-type.application";
		};
/* End PBXNativeTarget section */

/* Begin PBXProject section */
		0FD79BFE2557C67C00D51346 /* Project object */ = {
			isa = PBXProject;
			attributes = {
				LastSwiftUpdateCheck = 1170;
				LastUpgradeCheck = 1170;
				ORGANIZATIONNAME = "Luan Luu";
				TargetAttributes = {
					0FD79C052557C67C00D51346 = {
						CreatedOnToolsVersion = 11.7;
					};
				};
			};
			buildConfigurationList = 0FD79C012557C67C00D51346 /* Build configuration list for PBXProject "SkySonic" */;
			compatibilityVersion = "Xcode 9.3";
			developmentRegion = en;
			hasScannedForEncodings = 0;
			knownRegions = (
				en,
				Base,
			);
			mainGroup = 0FD79BFD2557C67C00D51346;
			productRefGroup = 0FD79C072557C67C00D51346 /* Products */;
			projectDirPath = "";
			projectRoot = "";
			targets = (
				0FD79C052557C67C00D51346 /* SkySonic */,
			);
		};
/* End PBXProject section */

/* Begin PBXResourcesBuildPhase section */
		0FD79C042557C67C00D51346 /* Resources */ = {
			isa = PBXResourcesBuildPhase;
			buildActionMask = 2147483647;
			files = (
				0FD79C162557C67E00D51346 /* LaunchScreen.storyboard in Resources */,
				0FD79C132557C67E00D51346 /* Assets.xcassets in Resources */,
				0FD79C112557C67C00D51346 /* Main.storyboard in Resources */,
			);
			runOnlyForDeploymentPostprocessing = 0;
		};
/* End PBXResourcesBuildPhase section */

/* Begin PBXSourcesBuildPhase section */
		0FD79C022557C67C00D51346 /* Sources */ = {
			isa = PBXSourcesBuildPhase;
			buildActionMask = 2147483647;
			files = (
				0FD79C0E2557C67C00D51346 /* ViewController.swift in Sources */,
				0FD79C0A2557C67C00D51346 /* AppDelegate.swift in Sources */,
				0FD79C212557CCA300D51346 /* SearchSongTableViewController.swift in Sources */,
				0FD79C0C2557C67C00D51346 /* SceneDelegate.swift in Sources */,
			);
			runOnlyForDeploymentPostprocessing = 0;
		};
/* End PBXSourcesBuildPhase section */

/* Begin PBXVariantGroup section */
		0FD79C0F2557C67C00D51346 /* Main.storyboard */ = {
			isa = PBXVariantGroup;
			children = (
				0FD79C102557C67C00D51346 /* Base */,
			);
			name = Main.storyboard;
			sourceTree = "<group>";
		};
		0FD79C142557C67E00D51346 /* LaunchScreen.storyboard */ = {
			isa = PBXVariantGroup;
			children = (
				0FD79C152557C67E00D51346 /* Base */,
			);
			name = LaunchScreen.storyboard;
			sourceTree = "<group>";
		};
/* End PBXVariantGroup section */

/* Begin XCBuildConfiguration section */
		0FD79C182557C67E00D51346 /* Debug */ = {
			isa = XCBuildConfiguration;
			buildSettings = {
				ALWAYS_SEARCH_USER_PATHS = NO;
				CLANG_ANALYZER_NONNULL = YES;
				CLANG_ANALYZER_NUMBER_OBJECT_CONVERSION = YES_AGGRESSIVE;
				CLANG_CXX_LANGUAGE_STANDARD = "gnu++14";
				CLANG_CXX_LIBRARY = "libc++";
				CLANG_ENABLE_MODULES = YES;
				CLANG_ENABLE_OBJC_ARC = YES;
				CLANG_ENABLE_OBJC_WEAK = YES;
				CLANG_WARN_BLOCK_CAPTURE_AUTORELEASING = YES;
				CLANG_WARN_BOOL_CONVERSION = YES;
				CLANG_WARN_COMMA = YES;
				CLANG_WARN_CONSTANT_CONVERSION = YES;
				CLANG_WARN_DEPRECATED_OBJC_IMPLEMENTATIONS = YES;
				CLANG_WARN_DIRECT_OBJC_ISA_USAGE = YES_ERROR;
				CLANG_WARN_DOCUMENTATION_COMMENTS = YES;
				CLANG_WARN_EMPTY_BODY = YES;
				CLANG_WARN_ENUM_CONVERSION = YES;
				CLANG_WARN_INFINITE_RECURSION = YES;
				CLANG_WARN_INT_CONVERSION = YES;
				CLANG_WARN_NON_LITERAL_NULL_CONVERSION = YES;
				CLANG_WARN_OBJC_IMPLICIT_RETAIN_SELF = YES;
				CLANG_WARN_OBJC_LITERAL_CONVERSION = YES;
				CLANG_WARN_OBJC_ROOT_CLASS = YES_ERROR;
				CLANG_WARN_RANGE_LOOP_ANALYSIS = YES;
				CLANG_WARN_STRICT_PROTOTYPES = YES;
				CLANG_WARN_SUSPICIOUS_MOVE = YES;
				CLANG_WARN_UNGUARDED_AVAILABILITY = YES_AGGRESSIVE;
				CLANG_WARN_UNREACHABLE_CODE = YES;
				CLANG_WARN__DUPLICATE_METHOD_MATCH = YES;
				COPY_PHASE_STRIP = NO;
				DEBUG_INFORMATION_FORMAT = dwarf;
				ENABLE_STRICT_OBJC_MSGSEND = YES;
				ENABLE_TESTABILITY = YES;
				GCC_C_LANGUAGE_STANDARD = gnu11;
				GCC_DYNAMIC_NO_PIC = NO;
				GCC_NO_COMMON_BLOCKS = YES;
				GCC_OPTIMIZATION_LEVEL = 0;
				GCC_PREPROCESSOR_DEFINITIONS = (
					"DEBUG=1",
					"$(inherited)",
				);
				GCC_WARN_64_TO_32_BIT_CONVERSION = YES;
				GCC_WARN_ABOUT_RETURN_TYPE = YES_ERROR;
				GCC_WARN_UNDECLARED_SELECTOR = YES;
				GCC_WARN_UNINITIALIZED_AUTOS = YES_AGGRESSIVE;
				GCC_WARN_UNUSED_FUNCTION = YES;
				GCC_WARN_UNUSED_VARIABLE = YES;
				IPHONEOS_DEPLOYMENT_TARGET = 13.7;
				MTL_ENABLE_DEBUG_INFO = INCLUDE_SOURCE;
				MTL_FAST_MATH = YES;
				ONLY_ACTIVE_ARCH = YES;
				SDKROOT = iphoneos;
				SWIFT_ACTIVE_COMPILATION_CONDITIONS = DEBUG;
				SWIFT_OPTIMIZATION_LEVEL = "-Onone";
			};
			name = Debug;
		};
		0FD79C192557C67E00D51346 /* Release */ = {
			isa = XCBuildConfiguration;
			buildSettings = {
				ALWAYS_SEARCH_USER_PATHS = NO;
				CLANG_ANALYZER_NONNULL = YES;
				CLANG_ANALYZER_NUMBER_OBJECT_CONVERSION = YES_AGGRESSIVE;
				CLANG_CXX_LANGUAGE_STANDARD = "gnu++14";
				CLANG_CXX_LIBRARY = "libc++";
				CLANG_ENABLE_MODULES = YES;
				CLANG_ENABLE_OBJC_ARC = YES;
				CLANG_ENABLE_OBJC_WEAK = YES;
				CLANG_WARN_BLOCK_CAPTURE_AUTORELEASING = YES;
				CLANG_WARN_BOOL_CONVERSION = YES;
				CLANG_WARN_COMMA = YES;
				CLANG_WARN_CONSTANT_CONVERSION = YES;
				CLANG_WARN_DEPRECATED_OBJC_IMPLEMENTATIONS = YES;
				CLANG_WARN_DIRECT_OBJC_ISA_USAGE = YES_ERROR;
				CLANG_WARN_DOCUMENTATION_COMMENTS = YES;
				CLANG_WARN_EMPTY_BODY = YES;
				CLANG_WARN_ENUM_CONVERSION = YES;
				CLANG_WARN_INFINITE_RECURSION = YES;
				CLANG_WARN_INT_CONVERSION = YES;
				CLANG_WARN_NON_LITERAL_NULL_CONVERSION = YES;
				CLANG_WARN_OBJC_IMPLICIT_RETAIN_SELF = YES;
				CLANG_WARN_OBJC_LITERAL_CONVERSION = YES;
				CLANG_WARN_OBJC_ROOT_CLASS = YES_ERROR;
				CLANG_WARN_RANGE_LOOP_ANALYSIS = YES;
				CLANG_WARN_STRICT_PROTOTYPES = YES;
				CLANG_WARN_SUSPICIOUS_MOVE = YES;
				CLANG_WARN_UNGUARDED_AVAILABILITY = YES_AGGRESSIVE;
				CLANG_WARN_UNREACHABLE_CODE = YES;
				CLANG_WARN__DUPLICATE_METHOD_MATCH = YES;
				COPY_PHASE_STRIP = NO;
				DEBUG_INFORMATION_FORMAT = "dwarf-with-dsym";
				ENABLE_NS_ASSERTIONS = NO;
				ENABLE_STRICT_OBJC_MSGSEND = YES;
				GCC_C_LANGUAGE_STANDARD = gnu11;
				GCC_NO_COMMON_BLOCKS = YES;
				GCC_WARN_64_TO_32_BIT_CONVERSION = YES;
				GCC_WARN_ABOUT_RETURN_TYPE = YES_ERROR;
				GCC_WARN_UNDECLARED_SELECTOR = YES;
				GCC_WARN_UNINITIALIZED_AUTOS = YES_AGGRESSIVE;
				GCC_WARN_UNUSED_FUNCTION = YES;
				GCC_WARN_UNUSED_VARIABLE = YES;
				IPHONEOS_DEPLOYMENT_TARGET = 13.7;
				MTL_ENABLE_DEBUG_INFO = NO;
				MTL_FAST_MATH = YES;
				SDKROOT = iphoneos;
				SWIFT_COMPILATION_MODE = wholemodule;
				SWIFT_OPTIMIZATION_LEVEL = "-O";
				VALIDATE_PRODUCT = YES;
			};
			name = Release;
		};
		0FD79C1B2557C67E00D51346 /* Debug */ = {
			isa = XCBuildConfiguration;
			buildSettings = {
				ASSETCATALOG_COMPILER_APPICON_NAME = AppIcon;
				CODE_SIGN_STYLE = Automatic;
				INFOPLIST_FILE = SkySonic/Info.plist;
				LD_RUNPATH_SEARCH_PATHS = (
					"$(inherited)",
					"@executable_path/Frameworks",
				);
				PRODUCT_BUNDLE_IDENTIFIER = com.luan.CSC642.SkySonic;
				PRODUCT_NAME = "$(TARGET_NAME)";
				SWIFT_VERSION = 5.0;
				TARGETED_DEVICE_FAMILY = "1,2";
			};
			name = Debug;
		};
		0FD79C1C2557C67E00D51346 /* Release */ = {
			isa = XCBuildConfiguration;
			buildSettings = {
				ASSETCATALOG_COMPILER_APPICON_NAME = AppIcon;
				CODE_SIGN_STYLE = Automatic;
				INFOPLIST_FILE = SkySonic/Info.plist;
				LD_RUNPATH_SEARCH_PATHS = (
					"$(inherited)",
					"@executable_path/Frameworks",
				);
				PRODUCT_BUNDLE_IDENTIFIER = com.luan.CSC642.SkySonic;
				PRODUCT_NAME = "$(TARGET_NAME)";
				SWIFT_VERSION = 5.0;
				TARGETED_DEVICE_FAMILY = "1,2";
			};
			name = Release;
		};
/* End XCBuildConfiguration section */

/* Begin XCConfigurationList section */
		0FD79C012557C67C00D51346 /* Build configuration list for PBXProject "SkySonic" */ = {
			isa = XCConfigurationList;
			buildConfigurations = (
				0FD79C182557C67E00D51346 /* Debug */,
				0FD79C192557C67E00D51346 /* Release */,
			);
			defaultConfigurationIsVisible = 0;
			defaultConfigurationName = Release;
		};
		0FD79C1A2557C67E00D51346 /* Build configuration list for PBXNativeTarget "SkySonic" */ = {
			isa = XCConfigurationList;
			buildConfigurations = (
				0FD79C1B2557C67E00D51346 /* Debug */,
				0FD79C1C2557C67E00D51346 /* Release */,
			);
			defaultConfigurationIsVisible = 0;
			defaultConfigurationName = Release;
		};
/* End XCConfigurationList section */
	};
	rootObject = 0FD79BFE2557C67C00D51346 /* Project object */;
}
